
Microsoft Visual Studio Solution File, Format Version 12.00
# Visual Studio Version 16
VisualStudioVersion = 16.0.30503.244
MinimumVisualStudioVersion = 10.0.40219.1
Project("{9A19103F-16F7-4668-BE54-9A1E7A4F7556}") = "SimplePeerToPeer", "SimplePeerToPeer\SimplePeerToPeer.csproj", "{72ACE8E4-E332-4A49-A431-A0DC0EA6F882}"
EndProject
Project("{9A19103F-16F7-4668-BE54-9A1E7A4F7556}") = "PeerToPeerServer", "PeerToPeerServer\PeerToPeerServer.csproj", "{40653A4E-5B12-4067-86C7-1DF3DAE440D7}"
EndProject
Project("{9A19103F-16F7-4668-BE54-9A1E7A4F7556}") = "ModelLib", "ModelLib\ModelLib.csproj", "{47495342-E4D5-4C93-B31C-E53C334682A2}"
EndProject
Project("{FAE04EC0-301F-11D3-BF4B-00C04F79EFBC}") = "PeerToPeerClient", "PeerToPeerClient\PeerToPeerClient.csproj", "{9356E38D-10D3-4CB2-BF16-5D79103D395F}"
EndProject
Global
	GlobalSection(SolutionConfigurationPlatforms) = preSolution
		Debug|Any CPU = Debug|Any CPU
		Release|Any CPU = Release|Any CPU
	EndGlobalSection
	GlobalSection(ProjectConfigurationPlatforms) = postSolution
		{72ACE8E4-E332-4A49-A431-A0DC0EA6F882}.Debug|Any CPU.ActiveCfg = Debug|Any CPU
		{72ACE8E4-E332-4A49-A431-A0DC0EA6F882}.Debug|Any CPU.Build.0 = Debug|Any CPU
		{72ACE8E4-E332-4A49-A431-A0DC0EA6F882}.Release|Any CPU.ActiveCfg = Release|Any CPU
		{72ACE8E4-E332-4A49-A431-A0DC0EA6F882}.Release|Any CPU.Build.0 = Release|Any CPU
		{40653A4E-5B12-4067-86C7-1DF3DAE440D7}.Debug|Any CPU.ActiveCfg = Debug|Any CPU
		{40653A4E-5B12-4067-86C7-1DF3DAE440D7}.Debug|Any CPU.Build.0 = Debug|Any CPU
		{40653A4E-5B12-4067-86C7-1DF3DAE440D7}.Release|Any CPU.ActiveCfg = Release|Any CPU
		{40653A4E-5B12-4067-86C7-1DF3DAE440D7}.Release|Any CPU.Build.0 = Release|Any CPU
		{47495342-E4D5-4C93-B31C-E53C334682A2}.Debug|Any CPU.ActiveCfg = Debug|Any CPU
		{47495342-E4D5-4C93-B31C-E53C334682A2}.Debug|Any CPU.Build.0 = Debug|Any CPU
		{47495342-E4D5-4C93-B31C-E53C334682A2}.Release|Any CPU.ActiveCfg = Release|Any CPU
		{47495342-E4D5-4C93-B31C-E53C334682A2}.Release|Any CPU.Build.0 = Release|Any CPU
		{9356E38D-10D3-4CB2-BF16-5D79103D395F}.Debug|Any CPU.ActiveCfg = Debug|Any CPU
		{9356E38D-10D3-4CB2-BF16-5D79103D395F}.Debug|Any CPU.Build.0 = Debug|Any CPU
		{9356E38D-10D3-4CB2-BF16-5D79103D395F}.Release|Any CPU.ActiveCfg = Release|Any CPU
		{9356E38D-10D3-4CB2-BF16-5D79103D395F}.Release|Any CPU.Build.0 = Release|Any CPU
	EndGlobalSection
	GlobalSection(SolutionProperties) = preSolution
		HideSolutionNode = FALSE
	EndGlobalSection
	GlobalSection(ExtensibilityGlobals) = postSolution
		SolutionGuid = {A8C4ED9B-96D4-4D53-81D9-A84A92866C13}
	EndGlobalSection
EndGlobal
